
Microsoft Visual Studio Solution File, Format Version 12.00
# Visual Studio Version 17
VisualStudioVersion = 17.2.32630.192
MinimumVisualStudioVersion = 10.0.40219.1
Project("{9A19103F-16F7-4668-BE54-9A1E7A4F7556}") = "Api", "Api\Api.csproj", "{F8E13A99-FFDA-4DD8-B812-F5B3F809BA47}"
EndProject
Project("{9A19103F-16F7-4668-BE54-9A1E7A4F7556}") = "Client", "Client\Client.csproj", "{536D9A0F-0048-45C2-899E-BA0FB572A118}"
EndProject
Project("{9A19103F-16F7-4668-BE54-9A1E7A4F7556}") = "MvcClient", "MvcClient\MvcClient.csproj", "{52F478F3-14CC-4B0A-8CC2-29E1DD0B5015}"
EndProject
Project("{9A19103F-16F7-4668-BE54-9A1E7A4F7556}") = "IdentityServer_Ad", "Identity-AD\IdentityServer_Ad.csproj", "{8E13A563-74F5-4378-836C-4F69460C1BED}"
EndProject
Project("{FAE04EC0-301F-11D3-BF4B-00C04F79EFBC}") = "IdentityServerClient", "IdentityServerClient\IdentityServerClient.csproj", "{066230F0-2FD0-4E8B-A5CE-D45EBBB144EC}"
EndProject
Global
	GlobalSection(SolutionConfigurationPlatforms) = preSolution
		Debug|Any CPU = Debug|Any CPU
		Release|Any CPU = Release|Any CPU
	EndGlobalSection
	GlobalSection(ProjectConfigurationPlatforms) = postSolution
		{F8E13A99-FFDA-4DD8-B812-F5B3F809BA47}.Debug|Any CPU.ActiveCfg = Debug|Any CPU
		{F8E13A99-FFDA-4DD8-B812-F5B3F809BA47}.Debug|Any CPU.Build.0 = Debug|Any CPU
		{F8E13A99-FFDA-4DD8-B812-F5B3F809BA47}.Release|Any CPU.ActiveCfg = Release|Any CPU
		{F8E13A99-FFDA-4DD8-B812-F5B3F809BA47}.Release|Any CPU.Build.0 = Release|Any CPU
		{536D9A0F-0048-45C2-899E-BA0FB572A118}.Debug|Any CPU.ActiveCfg = Debug|Any CPU
		{536D9A0F-0048-45C2-899E-BA0FB572A118}.Debug|Any CPU.Build.0 = Debug|Any CPU
		{536D9A0F-0048-45C2-899E-BA0FB572A118}.Release|Any CPU.ActiveCfg = Release|Any CPU
		{536D9A0F-0048-45C2-899E-BA0FB572A118}.Release|Any CPU.Build.0 = Release|Any CPU
		{52F478F3-14CC-4B0A-8CC2-29E1DD0B5015}.Debug|Any CPU.ActiveCfg = Debug|Any CPU
		{52F478F3-14CC-4B0A-8CC2-29E1DD0B5015}.Debug|Any CPU.Build.0 = Debug|Any CPU
		{52F478F3-14CC-4B0A-8CC2-29E1DD0B5015}.Release|Any CPU.ActiveCfg = Release|Any CPU
		{52F478F3-14CC-4B0A-8CC2-29E1DD0B5015}.Release|Any CPU.Build.0 = Release|Any CPU
		{8E13A563-74F5-4378-836C-4F69460C1BED}.Debug|Any CPU.ActiveCfg = Debug|Any CPU
		{8E13A563-74F5-4378-836C-4F69460C1BED}.Debug|Any CPU.Build.0 = Debug|Any CPU
		{8E13A563-74F5-4378-836C-4F69460C1BED}.Release|Any CPU.ActiveCfg = Release|Any CPU
		{8E13A563-74F5-4378-836C-4F69460C1BED}.Release|Any CPU.Build.0 = Release|Any CPU
		{066230F0-2FD0-4E8B-A5CE-D45EBBB144EC}.Debug|Any CPU.ActiveCfg = Debug|Any CPU
		{066230F0-2FD0-4E8B-A5CE-D45EBBB144EC}.Debug|Any CPU.Build.0 = Debug|Any CPU
		{066230F0-2FD0-4E8B-A5CE-D45EBBB144EC}.Release|Any CPU.ActiveCfg = Release|Any CPU
		{066230F0-2FD0-4E8B-A5CE-D45EBBB144EC}.Release|Any CPU.Build.0 = Release|Any CPU
	EndGlobalSection
	GlobalSection(SolutionProperties) = preSolution
		HideSolutionNode = FALSE
	EndGlobalSection
	GlobalSection(ExtensibilityGlobals) = postSolution
		SolutionGuid = {79905B1B-70EF-4150-956B-EE11209D1097}
	EndGlobalSection
EndGlobal
